
Microsoft Visual Studio Solution File, Format Version 11.00
# Visual Studio 2010
Project("{FAE04EC0-301F-11D3-BF4B-00C04F79EFBC}") = "Part01_FileSteamAsyncIO", "Part01_FileSteamAsyncIO\Part01_FileSteamAsyncIO.csproj", "{60765ED3-DB92-42C7-84AA-C74A0B3AA784}"
EndProject
Project("{FAE04EC0-301F-11D3-BF4B-00C04F79EFBC}") = "Common", "Common\Common.csproj", "{5897FD52-2C19-4187-8712-963EE73DB9BD}"
EndProject
Global
	GlobalSection(SolutionConfigurationPlatforms) = preSolution
		Debug|Any CPU = Debug|Any CPU
		Debug|Mixed Platforms = Debug|Mixed Platforms
		Debug|x86 = Debug|x86
		Release|Any CPU = Release|Any CPU
		Release|Mixed Platforms = Release|Mixed Platforms
		Release|x86 = Release|x86
	EndGlobalSection
	GlobalSection(ProjectConfigurationPlatforms) = postSolution
		{60765ED3-DB92-42C7-84AA-C74A0B3AA784}.Debug|Any CPU.ActiveCfg = Debug|x86
		{60765ED3-DB92-42C7-84AA-C74A0B3AA784}.Debug|Mixed Platforms.ActiveCfg = Debug|x86
		{60765ED3-DB92-42C7-84AA-C74A0B3AA784}.Debug|Mixed Platforms.Build.0 = Debug|x86
		{60765ED3-DB92-42C7-84AA-C74A0B3AA784}.Debug|x86.ActiveCfg = Debug|x86
		{60765ED3-DB92-42C7-84AA-C74A0B3AA784}.Debug|x86.Build.0 = Debug|x86
		{60765ED3-DB92-42C7-84AA-C74A0B3AA784}.Release|Any CPU.ActiveCfg = Release|x86
		{60765ED3-DB92-42C7-84AA-C74A0B3AA784}.Release|Mixed Platforms.ActiveCfg = Release|x86
		{60765ED3-DB92-42C7-84AA-C74A0B3AA784}.Release|Mixed Platforms.Build.0 = Release|x86
		{60765ED3-DB92-42C7-84AA-C74A0B3AA784}.Release|x86.ActiveCfg = Release|x86
		{60765ED3-DB92-42C7-84AA-C74A0B3AA784}.Release|x86.Build.0 = Release|x86
		{5897FD52-2C19-4187-8712-963EE73DB9BD}.Debug|Any CPU.ActiveCfg = Debug|Any CPU
		{5897FD52-2C19-4187-8712-963EE73DB9BD}.Debug|Any CPU.Build.0 = Debug|Any CPU
		{5897FD52-2C19-4187-8712-963EE73DB9BD}.Debug|Mixed Platforms.ActiveCfg = Debug|Any CPU
		{5897FD52-2C19-4187-8712-963EE73DB9BD}.Debug|Mixed Platforms.Build.0 = Debug|Any CPU
		{5897FD52-2C19-4187-8712-963EE73DB9BD}.Debug|x86.ActiveCfg = Debug|Any CPU
		{5897FD52-2C19-4187-8712-963EE73DB9BD}.Release|Any CPU.ActiveCfg = Release|Any CPU
		{5897FD52-2C19-4187-8712-963EE73DB9BD}.Release|Any CPU.Build.0 = Release|Any CPU
		{5897FD52-2C19-4187-8712-963EE73DB9BD}.Release|Mixed Platforms.ActiveCfg = Release|Any CPU
		{5897FD52-2C19-4187-8712-963EE73DB9BD}.Release|Mixed Platforms.Build.0 = Release|Any CPU
		{5897FD52-2C19-4187-8712-963EE73DB9BD}.Release|x86.ActiveCfg = Release|Any CPU
	EndGlobalSection
	GlobalSection(SolutionProperties) = preSolution
		HideSolutionNode = FALSE
	EndGlobalSection
EndGlobal
